// !$*UTF8*$!
{
	archiveVersion = 1;
	classes = {
	};
	objectVersion = 56;
	objects = {

/* Begin PBXBuildFile section */
		EDD18ED02A43960400FDF74B /* AppDelegate.swift in Sources */ = {isa = PBXBuildFile; fileRef = EDD18ECF2A43960400FDF74B /* AppDelegate.swift */; };
		EDD18ED22A43960400FDF74B /* SceneDelegate.swift in Sources */ = {isa = PBXBuildFile; fileRef = EDD18ED12A43960400FDF74B /* SceneDelegate.swift */; };
		EDD18ED42A43960400FDF74B /* ViewController.swift in Sources */ = {isa = PBXBuildFile; fileRef = EDD18ED32A43960400FDF74B /* ViewController.swift */; };
		EDD18ED72A43960400FDF74B /* Main.storyboard in Resources */ = {isa = PBXBuildFile; fileRef = EDD18ED52A43960400FDF74B /* Main.storyboard */; };
		EDD18ED92A43960600FDF74B /* Assets.xcassets in Resources */ = {isa = PBXBuildFile; fileRef = EDD18ED82A43960600FDF74B /* Assets.xcassets */; };
		EDD18EDC2A43960600FDF74B /* LaunchScreen.storyboard in Resources */ = {isa = PBXBuildFile; fileRef = EDD18EDA2A43960600FDF74B /* LaunchScreen.storyboard */; };
		EDEEBA612A479EC50017E91F /* SecondViewController.swift in Sources */ = {isa = PBXBuildFile; fileRef = EDEEBA602A479EC50017E91F /* SecondViewController.swift */; };
		EDEEBA632A47A1150017E91F /* StudentData.swift in Sources */ = {isa = PBXBuildFile; fileRef = EDEEBA622A47A1150017E91F /* StudentData.swift */; };
/* End PBXBuildFile section */

/* Begin PBXFileReference section */
		EDD18ECC2A43960400FDF74B /* lessons03.app */ = {isa = PBXFileReference; explicitFileType = wrapper.application; includeInIndex = 0; path = lessons03.app; sourceTree = BUILT_PRODUCTS_DIR; };
		EDD18ECF2A43960400FDF74B /* AppDelegate.swift */ = {isa = PBXFileReference; lastKnownFileType = sourcecode.swift; path = AppDelegate.swift; sourceTree = "<group>"; };
		EDD18ED12A43960400FDF74B /* SceneDelegate.swift */ = {isa = PBXFileReference; lastKnownFileType = sourcecode.swift; path = SceneDelegate.swift; sourceTree = "<group>"; };
		EDD18ED32A43960400FDF74B /* ViewController.swift */ = {isa = PBXFileReference; lastKnownFileType = sourcecode.swift; path = ViewController.swift; sourceTree = "<group>"; };
		EDD18ED62A43960400FDF74B /* Base */ = {isa = PBXFileReference; lastKnownFileType = file.storyboard; name = Base; path = Base.lproj/Main.storyboard; sourceTree = "<group>"; };
		EDD18ED82A43960600FDF74B /* Assets.xcassets */ = {isa = PBXFileReference; lastKnownFileType = folder.assetcatalog; path = Assets.xcassets; sourceTree = "<group>"; };
		EDD18EDB2A43960600FDF74B /* Base */ = {isa = PBXFileReference; lastKnownFileType = file.storyboard; name = Base; path = Base.lproj/LaunchScreen.storyboard; sourceTree = "<group>"; };
		EDD18EDD2A43960600FDF74B /* Info.plist */ = {isa = PBXFileReference; lastKnownFileType = text.plist.xml; path = Info.plist; sourceTree = "<group>"; };
		EDEEBA602A479EC50017E91F /* SecondViewController.swift */ = {isa = PBXFileReference; lastKnownFileType = sourcecode.swift; path = SecondViewController.swift; sourceTree = "<group>"; };
		EDEEBA622A47A1150017E91F /* StudentData.swift */ = {isa = PBXFileReference; lastKnownFileType = sourcecode.swift; path = StudentData.swift; sourceTree = "<group>"; };
/* End PBXFileReference section */

/* Begin PBXFrameworksBuildPhase section */
		EDD18EC92A43960400FDF74B /* Frameworks */ = {
			isa = PBXFrameworksBuildPhase;
			buildActionMask = 2147483647;
			files = (
			);
			runOnlyForDeploymentPostprocessing = 0;
		};
/* End PBXFrameworksBuildPhase section */

/* Begin PBXGroup section */
		EDD18EC32A43960400FDF74B = {
			isa = PBXGroup;
			children = (
				EDD18ECE2A43960400FDF74B /* lessons03 */,
				EDD18ECD2A43960400FDF74B /* Products */,
			);
			sourceTree = "<group>";
		};
		EDD18ECD2A43960400FDF74B /* Products */ = {
			isa = PBXGroup;
			children = (
				EDD18ECC2A43960400FDF74B /* lessons03.app */,
			);
			name = Products;
			sourceTree = "<group>";
		};
		EDD18ECE2A43960400FDF74B /* lessons03 */ = {
			isa = PBXGroup;
			children = (
				EDEEBA5D2A4799830017E91F /* Controller */,
				EDEEBA5B2A4798D70017E91F /* Model */,
				EDEEBA5C2A4799580017E91F /* View */,
				EDD18ED12A43960400FDF74B /* SceneDelegate.swift */,
				EDD18ECF2A43960400FDF74B /* AppDelegate.swift */,
				EDD18ED82A43960600FDF74B /* Assets.xcassets */,
				EDD18EDD2A43960600FDF74B /* Info.plist */,
			);
			path = lessons03;
			sourceTree = "<group>";
		};
		EDEEBA5B2A4798D70017E91F /* Model */ = {
			isa = PBXGroup;
			children = (
				EDEEBA622A47A1150017E91F /* StudentData.swift */,
			);
			path = Model;
			sourceTree = "<group>";
		};
		EDEEBA5C2A4799580017E91F /* View */ = {
			isa = PBXGroup;
			children = (
				EDD18ED52A43960400FDF74B /* Main.storyboard */,
				EDD18EDA2A43960600FDF74B /* LaunchScreen.storyboard */,
			);
			path = View;
			sourceTree = "<group>";
		};
		EDEEBA5D2A4799830017E91F /* Controller */ = {
			isa = PBXGroup;
			children = (
				EDD18ED32A43960400FDF74B /* ViewController.swift */,
				EDEEBA602A479EC50017E91F /* SecondViewController.swift */,
			);
			path = Controller;
			sourceTree = "<group>";
		};
/* End PBXGroup section */

/* Begin PBXNativeTarget section */
		EDD18ECB2A43960400FDF74B /* lessons03 */ = {
			isa = PBXNativeTarget;
			buildConfigurationList = EDD18EE02A43960600FDF74B /* Build configuration list for PBXNativeTarget "lessons03" */;
			buildPhases = (
				EDD18EC82A43960400FDF74B /* Sources */,
				EDD18EC92A43960400FDF74B /* Frameworks */,
				EDD18ECA2A43960400FDF74B /* Resources */,
			);
			buildRules = (
			);
			dependencies = (
			);
			name = lessons03;
			productName = lessons03;
			productReference = EDD18ECC2A43960400FDF74B /* lessons03.app */;
			productType = "com.apple.product-type.application";
		};
/* End PBXNativeTarget section */

/* Begin PBXProject section */
		EDD18EC42A43960400FDF74B /* Project object */ = {
			isa = PBXProject;
			attributes = {
				BuildIndependentTargetsInParallel = 1;
				LastSwiftUpdateCheck = 1430;
				LastUpgradeCheck = 1430;
				TargetAttributes = {
					EDD18ECB2A43960400FDF74B = {
						CreatedOnToolsVersion = 14.3;
					};
				};
			};
			buildConfigurationList = EDD18EC72A43960400FDF74B /* Build configuration list for PBXProject "lessons03" */;
			compatibilityVersion = "Xcode 14.0";
			developmentRegion = en;
			hasScannedForEncodings = 0;
			knownRegions = (
				en,
				Base,
			);
			mainGroup = EDD18EC32A43960400FDF74B;
			productRefGroup = EDD18ECD2A43960400FDF74B /* Products */;
			projectDirPath = "";
			projectRoot = "";
			targets = (
				EDD18ECB2A43960400FDF74B /* lessons03 */,
			);
		};
/* End PBXProject section */

/* Begin PBXResourcesBuildPhase section */
		EDD18ECA2A43960400FDF74B /* Resources */ = {
			isa = PBXResourcesBuildPhase;
			buildActionMask = 2147483647;
			files = (
				EDD18EDC2A43960600FDF74B /* LaunchScreen.storyboard in Resources */,
				EDD18ED92A43960600FDF74B /* Assets.xcassets in Resources */,
				EDD18ED72A43960400FDF74B /* Main.storyboard in Resources */,
			);
			runOnlyForDeploymentPostprocessing = 0;
		};
/* End PBXResourcesBuildPhase section */

/* Begin PBXSourcesBuildPhase section */
		EDD18EC82A43960400FDF74B /* Sources */ = {
			isa = PBXSourcesBuildPhase;
			buildActionMask = 2147483647;
			files = (
				EDEEBA612A479EC50017E91F /* SecondViewController.swift in Sources */,
				EDD18ED42A43960400FDF74B /* ViewController.swift in Sources */,
				EDD18ED02A43960400FDF74B /* AppDelegate.swift in Sources */,
				EDD18ED22A43960400FDF74B /* SceneDelegate.swift in Sources */,
				EDEEBA632A47A1150017E91F /* StudentData.swift in Sources */,
			);
			runOnlyForDeploymentPostprocessing = 0;
		};
/* End PBXSourcesBuildPhase section */

/* Begin PBXVariantGroup section */
		EDD18ED52A43960400FDF74B /* Main.storyboard */ = {
			isa = PBXVariantGroup;
			children = (
				EDD18ED62A43960400FDF74B /* Base */,
			);
			name = Main.storyboard;
			sourceTree = "<group>";
		};
		EDD18EDA2A43960600FDF74B /* LaunchScreen.storyboard */ = {
			isa = PBXVariantGroup;
			children = (
				EDD18EDB2A43960600FDF74B /* Base */,
			);
			name = LaunchScreen.storyboard;
			sourceTree = "<group>";
		};
/* End PBXVariantGroup section */

/* Begin XCBuildConfiguration section */
		EDD18EDE2A43960600FDF74B /* Debug */ = {
			isa = XCBuildConfiguration;
			buildSettings = {
				ALWAYS_SEARCH_USER_PATHS = NO;
				CLANG_ANALYZER_NONNULL = YES;
				CLANG_ANALYZER_NUMBER_OBJECT_CONVERSION = YES_AGGRESSIVE;
				CLANG_CXX_LANGUAGE_STANDARD = "gnu++20";
				CLANG_ENABLE_MODULES = YES;
				CLANG_ENABLE_OBJC_ARC = YES;
				CLANG_ENABLE_OBJC_WEAK = YES;
				CLANG_WARN_BLOCK_CAPTURE_AUTORELEASING = YES;
				CLANG_WARN_BOOL_CONVERSION = YES;
				CLANG_WARN_COMMA = YES;
				CLANG_WARN_CONSTANT_CONVERSION = YES;
				CLANG_WARN_DEPRECATED_OBJC_IMPLEMENTATIONS = YES;
				CLANG_WARN_DIRECT_OBJC_ISA_USAGE = YES_ERROR;
				CLANG_WARN_DOCUMENTATION_COMMENTS = YES;
				CLANG_WARN_EMPTY_BODY = YES;
				CLANG_WARN_ENUM_CONVERSION = YES;
				CLANG_WARN_INFINITE_RECURSION = YES;
				CLANG_WARN_INT_CONVERSION = YES;
				CLANG_WARN_NON_LITERAL_NULL_CONVERSION = YES;
				CLANG_WARN_OBJC_IMPLICIT_RETAIN_SELF = YES;
				CLANG_WARN_OBJC_LITERAL_CONVERSION = YES;
				CLANG_WARN_OBJC_ROOT_CLASS = YES_ERROR;
				CLANG_WARN_QUOTED_INCLUDE_IN_FRAMEWORK_HEADER = YES;
				CLANG_WARN_RANGE_LOOP_ANALYSIS = YES;
				CLANG_WARN_STRICT_PROTOTYPES = YES;
				CLANG_WARN_SUSPICIOUS_MOVE = YES;
				CLANG_WARN_UNGUARDED_AVAILABILITY = YES_AGGRESSIVE;
				CLANG_WARN_UNREACHABLE_CODE = YES;
				CLANG_WARN__DUPLICATE_METHOD_MATCH = YES;
				COPY_PHASE_STRIP = NO;
				DEBUG_INFORMATION_FORMAT = dwarf;
				ENABLE_STRICT_OBJC_MSGSEND = YES;
				ENABLE_TESTABILITY = YES;
				GCC_C_LANGUAGE_STANDARD = gnu11;
				GCC_DYNAMIC_NO_PIC = NO;
				GCC_NO_COMMON_BLOCKS = YES;
				GCC_OPTIMIZATION_LEVEL = 0;
				GCC_PREPROCESSOR_DEFINITIONS = (
					"DEBUG=1",
					"$(inherited)",
				);
				GCC_WARN_64_TO_32_BIT_CONVERSION = YES;
				GCC_WARN_ABOUT_RETURN_TYPE = YES_ERROR;
				GCC_WARN_UNDECLARED_SELECTOR = YES;
				GCC_WARN_UNINITIALIZED_AUTOS = YES_AGGRESSIVE;
				GCC_WARN_UNUSED_FUNCTION = YES;
				GCC_WARN_UNUSED_VARIABLE = YES;
				IPHONEOS_DEPLOYMENT_TARGET = 16.4;
				MTL_ENABLE_DEBUG_INFO = INCLUDE_SOURCE;
				MTL_FAST_MATH = YES;
				ONLY_ACTIVE_ARCH = YES;
				SDKROOT = iphoneos;
				SWIFT_ACTIVE_COMPILATION_CONDITIONS = DEBUG;
				SWIFT_OPTIMIZATION_LEVEL = "-Onone";
			};
			name = Debug;
		};
		EDD18EDF2A43960600FDF74B /* Release */ = {
			isa = XCBuildConfiguration;
			buildSettings = {
				ALWAYS_SEARCH_USER_PATHS = NO;
				CLANG_ANALYZER_NONNULL = YES;
				CLANG_ANALYZER_NUMBER_OBJECT_CONVERSION = YES_AGGRESSIVE;
				CLANG_CXX_LANGUAGE_STANDARD = "gnu++20";
				CLANG_ENABLE_MODULES = YES;
				CLANG_ENABLE_OBJC_ARC = YES;
				CLANG_ENABLE_OBJC_WEAK = YES;
				CLANG_WARN_BLOCK_CAPTURE_AUTORELEASING = YES;
				CLANG_WARN_BOOL_CONVERSION = YES;
				CLANG_WARN_COMMA = YES;
				CLANG_WARN_CONSTANT_CONVERSION = YES;
				CLANG_WARN_DEPRECATED_OBJC_IMPLEMENTATIONS = YES;
				CLANG_WARN_DIRECT_OBJC_ISA_USAGE = YES_ERROR;
				CLANG_WARN_DOCUMENTATION_COMMENTS = YES;
				CLANG_WARN_EMPTY_BODY = YES;
				CLANG_WARN_ENUM_CONVERSION = YES;
				CLANG_WARN_INFINITE_RECURSION = YES;
				CLANG_WARN_INT_CONVERSION = YES;
				CLANG_WARN_NON_LITERAL_NULL_CONVERSION = YES;
				CLANG_WARN_OBJC_IMPLICIT_RETAIN_SELF = YES;
				CLANG_WARN_OBJC_LITERAL_CONVERSION = YES;
				CLANG_WARN_OBJC_ROOT_CLASS = YES_ERROR;
				CLANG_WARN_QUOTED_INCLUDE_IN_FRAMEWORK_HEADER = YES;
				CLANG_WARN_RANGE_LOOP_ANALYSIS = YES;
				CLANG_WARN_STRICT_PROTOTYPES = YES;
				CLANG_WARN_SUSPICIOUS_MOVE = YES;
				CLANG_WARN_UNGUARDED_AVAILABILITY = YES_AGGRESSIVE;
				CLANG_WARN_UNREACHABLE_CODE = YES;
				CLANG_WARN__DUPLICATE_METHOD_MATCH = YES;
				COPY_PHASE_STRIP = NO;
				DEBUG_INFORMATION_FORMAT = "dwarf-with-dsym";
				ENABLE_NS_ASSERTIONS = NO;
				ENABLE_STRICT_OBJC_MSGSEND = YES;
				GCC_C_LANGUAGE_STANDARD = gnu11;
				GCC_NO_COMMON_BLOCKS = YES;
				GCC_WARN_64_TO_32_BIT_CONVERSION = YES;
				GCC_WARN_ABOUT_RETURN_TYPE = YES_ERROR;
				GCC_WARN_UNDECLARED_SELECTOR = YES;
				GCC_WARN_UNINITIALIZED_AUTOS = YES_AGGRESSIVE;
				GCC_WARN_UNUSED_FUNCTION = YES;
				GCC_WARN_UNUSED_VARIABLE = YES;
				IPHONEOS_DEPLOYMENT_TARGET = 16.4;
				MTL_ENABLE_DEBUG_INFO = NO;
				MTL_FAST_MATH = YES;
				SDKROOT = iphoneos;
				SWIFT_COMPILATION_MODE = wholemodule;
				SWIFT_OPTIMIZATION_LEVEL = "-O";
				VALIDATE_PRODUCT = YES;
			};
			name = Release;
		};
		EDD18EE12A43960600FDF74B /* Debug */ = {
			isa = XCBuildConfiguration;
			buildSettings = {
				ASSETCATALOG_COMPILER_APPICON_NAME = AppIcon;
				ASSETCATALOG_COMPILER_GLOBAL_ACCENT_COLOR_NAME = AccentColor;
				CODE_SIGN_STYLE = Automatic;
				CURRENT_PROJECT_VERSION = 1;
				DEVELOPMENT_TEAM = TJ68V379P3;
				GENERATE_INFOPLIST_FILE = YES;
				INFOPLIST_FILE = lessons03/Info.plist;
				INFOPLIST_KEY_UIApplicationSupportsIndirectInputEvents = YES;
				INFOPLIST_KEY_UILaunchStoryboardName = LaunchScreen;
				INFOPLIST_KEY_UIMainStoryboardFile = Main;
				INFOPLIST_KEY_UISupportedInterfaceOrientations_iPad = "UIInterfaceOrientationPortrait UIInterfaceOrientationPortraitUpsideDown UIInterfaceOrientationLandscapeLeft UIInterfaceOrientationLandscapeRight";
				INFOPLIST_KEY_UISupportedInterfaceOrientations_iPhone = "UIInterfaceOrientationPortrait UIInterfaceOrientationLandscapeLeft UIInterfaceOrientationLandscapeRight";
				IPHONEOS_DEPLOYMENT_TARGET = 15.0;
				LD_RUNPATH_SEARCH_PATHS = (
					"$(inherited)",
					"@executable_path/Frameworks",
				);
				MARKETING_VERSION = 1.0;
				PRODUCT_BUNDLE_IDENTIFIER = com.swiftLessons.lessons03;
				PRODUCT_NAME = "$(TARGET_NAME)";
				SUPPORTED_PLATFORMS = "iphoneos iphonesimulator";
				SUPPORTS_MACCATALYST = NO;
				SUPPORTS_MAC_DESIGNED_FOR_IPHONE_IPAD = NO;
				SWIFT_EMIT_LOC_STRINGS = YES;
				SWIFT_VERSION = 5.0;
				TARGETED_DEVICE_FAMILY = 1;
			};
			name = Debug;
		};
		EDD18EE22A43960600FDF74B /* Release */ = {
			isa = XCBuildConfiguration;
			buildSettings = {
				ASSETCATALOG_COMPILER_APPICON_NAME = AppIcon;
				ASSETCATALOG_COMPILER_GLOBAL_ACCENT_COLOR_NAME = AccentColor;
				CODE_SIGN_STYLE = Automatic;
				CURRENT_PROJECT_VERSION = 1;
				DEVELOPMENT_TEAM = TJ68V379P3;
				GENERATE_INFOPLIST_FILE = YES;
				INFOPLIST_FILE = lessons03/Info.plist;
				INFOPLIST_KEY_UIApplicationSupportsIndirectInputEvents = YES;
				INFOPLIST_KEY_UILaunchStoryboardName = LaunchScreen;
				INFOPLIST_KEY_UIMainStoryboardFile = Main;
				INFOPLIST_KEY_UISupportedInterfaceOrientations_iPad = "UIInterfaceOrientationPortrait UIInterfaceOrientationPortraitUpsideDown UIInterfaceOrientationLandscapeLeft UIInterfaceOrientationLandscapeRight";
				INFOPLIST_KEY_UISupportedInterfaceOrientations_iPhone = "UIInterfaceOrientationPortrait UIInterfaceOrientationLandscapeLeft UIInterfaceOrientationLandscapeRight";
				IPHONEOS_DEPLOYMENT_TARGET = 15.0;
				LD_RUNPATH_SEARCH_PATHS = (
					"$(inherited)",
					"@executable_path/Frameworks",
				);
				MARKETING_VERSION = 1.0;
				PRODUCT_BUNDLE_IDENTIFIER = com.swiftLessons.lessons03;
				PRODUCT_NAME = "$(TARGET_NAME)";
				SUPPORTED_PLATFORMS = "iphoneos iphonesimulator";
				SUPPORTS_MACCATALYST = NO;
				SUPPORTS_MAC_DESIGNED_FOR_IPHONE_IPAD = NO;
				SWIFT_EMIT_LOC_STRINGS = YES;
				SWIFT_VERSION = 5.0;
				TARGETED_DEVICE_FAMILY = 1;
			};
			name = Release;
		};
/* End XCBuildConfiguration section */

/* Begin XCConfigurationList section */
		EDD18EC72A43960400FDF74B /* Build configuration list for PBXProject "lessons03" */ = {
			isa = XCConfigurationList;
			buildConfigurations = (
				EDD18EDE2A43960600FDF74B /* Debug */,
				EDD18EDF2A43960600FDF74B /* Release */,
			);
			defaultConfigurationIsVisible = 0;
			defaultConfigurationName = Release;
		};
		EDD18EE02A43960600FDF74B /* Build configuration list for PBXNativeTarget "lessons03" */ = {
			isa = XCConfigurationList;
			buildConfigurations = (
				EDD18EE12A43960600FDF74B /* Debug */,
				EDD18EE22A43960600FDF74B /* Release */,
			);
			defaultConfigurationIsVisible = 0;
			defaultConfigurationName = Release;
		};
/* End XCConfigurationList section */
	};
	rootObject = EDD18EC42A43960400FDF74B /* Project object */;
}
