// !$*UTF8*$!
{
	archiveVersion = 1;
	classes = {
	};
	objectVersion = 56;
	objects = {

/* Begin PBXBuildFile section */
		ED84093D2B0D20FD00AD0491 /* AppDelegate.swift in Sources */ = {isa = PBXBuildFile; fileRef = ED84093C2B0D20FD00AD0491 /* AppDelegate.swift */; };
		ED84093F2B0D20FD00AD0491 /* SceneDelegate.swift in Sources */ = {isa = PBXBuildFile; fileRef = ED84093E2B0D20FD00AD0491 /* SceneDelegate.swift */; };
		ED8409412B0D20FD00AD0491 /* ViewController.swift in Sources */ = {isa = PBXBuildFile; fileRef = ED8409402B0D20FD00AD0491 /* ViewController.swift */; };
		ED8409462B0D20FF00AD0491 /* Assets.xcassets in Resources */ = {isa = PBXBuildFile; fileRef = ED8409452B0D20FF00AD0491 /* Assets.xcassets */; };
		ED8409492B0D20FF00AD0491 /* LaunchScreen.storyboard in Resources */ = {isa = PBXBuildFile; fileRef = ED8409472B0D20FF00AD0491 /* LaunchScreen.storyboard */; };
		ED8409592B0D2E2F00AD0491 /* NoteViewController.swift in Sources */ = {isa = PBXBuildFile; fileRef = ED8409582B0D2E2F00AD0491 /* NoteViewController.swift */; };
		EDAA3D6A2B0DD6620071BE7C /* AddNoteViewController.swift in Sources */ = {isa = PBXBuildFile; fileRef = EDAA3D692B0DD6620071BE7C /* AddNoteViewController.swift */; };
/* End PBXBuildFile section */

/* Begin PBXFileReference section */
		ED8409392B0D20FD00AD0491 /* lesson02.app */ = {isa = PBXFileReference; explicitFileType = wrapper.application; includeInIndex = 0; path = lesson02.app; sourceTree = BUILT_PRODUCTS_DIR; };
		ED84093C2B0D20FD00AD0491 /* AppDelegate.swift */ = {isa = PBXFileReference; lastKnownFileType = sourcecode.swift; path = AppDelegate.swift; sourceTree = "<group>"; };
		ED84093E2B0D20FD00AD0491 /* SceneDelegate.swift */ = {isa = PBXFileReference; lastKnownFileType = sourcecode.swift; path = SceneDelegate.swift; sourceTree = "<group>"; };
		ED8409402B0D20FD00AD0491 /* ViewController.swift */ = {isa = PBXFileReference; lastKnownFileType = sourcecode.swift; path = ViewController.swift; sourceTree = "<group>"; };
		ED8409452B0D20FF00AD0491 /* Assets.xcassets */ = {isa = PBXFileReference; lastKnownFileType = folder.assetcatalog; path = Assets.xcassets; sourceTree = "<group>"; };
		ED8409482B0D20FF00AD0491 /* Base */ = {isa = PBXFileReference; lastKnownFileType = file.storyboard; name = Base; path = Base.lproj/LaunchScreen.storyboard; sourceTree = "<group>"; };
		ED84094A2B0D20FF00AD0491 /* Info.plist */ = {isa = PBXFileReference; lastKnownFileType = text.plist.xml; path = Info.plist; sourceTree = "<group>"; };
		ED8409582B0D2E2F00AD0491 /* NoteViewController.swift */ = {isa = PBXFileReference; lastKnownFileType = sourcecode.swift; path = NoteViewController.swift; sourceTree = "<group>"; };
		EDAA3D692B0DD6620071BE7C /* AddNoteViewController.swift */ = {isa = PBXFileReference; lastKnownFileType = sourcecode.swift; path = AddNoteViewController.swift; sourceTree = "<group>"; };
/* End PBXFileReference section */

/* Begin PBXFrameworksBuildPhase section */
		ED8409362B0D20FD00AD0491 /* Frameworks */ = {
			isa = PBXFrameworksBuildPhase;
			buildActionMask = 2147483647;
			files = (
			);
			runOnlyForDeploymentPostprocessing = 0;
		};
/* End PBXFrameworksBuildPhase section */

/* Begin PBXGroup section */
		ED8409302B0D20FD00AD0491 = {
			isa = PBXGroup;
			children = (
				ED84093B2B0D20FD00AD0491 /* lesson02 */,
				ED84093A2B0D20FD00AD0491 /* Products */,
			);
			sourceTree = "<group>";
		};
		ED84093A2B0D20FD00AD0491 /* Products */ = {
			isa = PBXGroup;
			children = (
				ED8409392B0D20FD00AD0491 /* lesson02.app */,
			);
			name = Products;
			sourceTree = "<group>";
		};
		ED84093B2B0D20FD00AD0491 /* lesson02 */ = {
			isa = PBXGroup;
			children = (
				ED8409502B0D241D00AD0491 /* API */,
				ED8409512B0D243100AD0491 /* Application */,
				ED8409542B0D247100AD0491 /* Controller */,
				ED8409532B0D246A00AD0491 /* Core */,
				ED8409552B0D24D600AD0491 /* Firebase */,
				ED8409522B0D245C00AD0491 /* Resources */,
				ED84094A2B0D20FF00AD0491 /* Info.plist */,
			);
			path = lesson02;
			sourceTree = "<group>";
		};
		ED8409502B0D241D00AD0491 /* API */ = {
			isa = PBXGroup;
			children = (
			);
			path = API;
			sourceTree = "<group>";
		};
		ED8409512B0D243100AD0491 /* Application */ = {
			isa = PBXGroup;
			children = (
				ED84093C2B0D20FD00AD0491 /* AppDelegate.swift */,
				ED84093E2B0D20FD00AD0491 /* SceneDelegate.swift */,
			);
			path = Application;
			sourceTree = "<group>";
		};
		ED8409522B0D245C00AD0491 /* Resources */ = {
			isa = PBXGroup;
			children = (
				ED8409452B0D20FF00AD0491 /* Assets.xcassets */,
				ED8409472B0D20FF00AD0491 /* LaunchScreen.storyboard */,
			);
			path = Resources;
			sourceTree = "<group>";
		};
		ED8409532B0D246A00AD0491 /* Core */ = {
			isa = PBXGroup;
			children = (
				ED8409582B0D2E2F00AD0491 /* NoteViewController.swift */,
				EDAA3D692B0DD6620071BE7C /* AddNoteViewController.swift */,
			);
			path = Core;
			sourceTree = "<group>";
		};
		ED8409542B0D247100AD0491 /* Controller */ = {
			isa = PBXGroup;
			children = (
				ED8409402B0D20FD00AD0491 /* ViewController.swift */,
			);
			path = Controller;
			sourceTree = "<group>";
		};
		ED8409552B0D24D600AD0491 /* Firebase */ = {
			isa = PBXGroup;
			children = (
				ED8409572B0D250800AD0491 /* Model */,
				ED8409562B0D250200AD0491 /* Services */,
			);
			path = Firebase;
			sourceTree = "<group>";
		};
		ED8409562B0D250200AD0491 /* Services */ = {
			isa = PBXGroup;
			children = (
			);
			path = Services;
			sourceTree = "<group>";
		};
		ED8409572B0D250800AD0491 /* Model */ = {
			isa = PBXGroup;
			children = (
			);
			path = Model;
			sourceTree = "<group>";
		};
/* End PBXGroup section */

/* Begin PBXNativeTarget section */
		ED8409382B0D20FD00AD0491 /* lesson02 */ = {
			isa = PBXNativeTarget;
			buildConfigurationList = ED84094D2B0D20FF00AD0491 /* Build configuration list for PBXNativeTarget "lesson02" */;
			buildPhases = (
				ED8409352B0D20FD00AD0491 /* Sources */,
				ED8409362B0D20FD00AD0491 /* Frameworks */,
				ED8409372B0D20FD00AD0491 /* Resources */,
			);
			buildRules = (
			);
			dependencies = (
			);
			name = lesson02;
			productName = lesson02;
			productReference = ED8409392B0D20FD00AD0491 /* lesson02.app */;
			productType = "com.apple.product-type.application";
		};
/* End PBXNativeTarget section */

/* Begin PBXProject section */
		ED8409312B0D20FD00AD0491 /* Project object */ = {
			isa = PBXProject;
			attributes = {
				BuildIndependentTargetsInParallel = 1;
				LastSwiftUpdateCheck = 1420;
				LastUpgradeCheck = 1420;
				TargetAttributes = {
					ED8409382B0D20FD00AD0491 = {
						CreatedOnToolsVersion = 14.2;
					};
				};
			};
			buildConfigurationList = ED8409342B0D20FD00AD0491 /* Build configuration list for PBXProject "lesson02" */;
			compatibilityVersion = "Xcode 14.0";
			developmentRegion = en;
			hasScannedForEncodings = 0;
			knownRegions = (
				en,
				Base,
			);
			mainGroup = ED8409302B0D20FD00AD0491;
			productRefGroup = ED84093A2B0D20FD00AD0491 /* Products */;
			projectDirPath = "";
			projectRoot = "";
			targets = (
				ED8409382B0D20FD00AD0491 /* lesson02 */,
			);
		};
/* End PBXProject section */

/* Begin PBXResourcesBuildPhase section */
		ED8409372B0D20FD00AD0491 /* Resources */ = {
			isa = PBXResourcesBuildPhase;
			buildActionMask = 2147483647;
			files = (
				ED8409492B0D20FF00AD0491 /* LaunchScreen.storyboard in Resources */,
				ED8409462B0D20FF00AD0491 /* Assets.xcassets in Resources */,
			);
			runOnlyForDeploymentPostprocessing = 0;
		};
/* End PBXResourcesBuildPhase section */

/* Begin PBXSourcesBuildPhase section */
		ED8409352B0D20FD00AD0491 /* Sources */ = {
			isa = PBXSourcesBuildPhase;
			buildActionMask = 2147483647;
			files = (
				ED8409592B0D2E2F00AD0491 /* NoteViewController.swift in Sources */,
				ED8409412B0D20FD00AD0491 /* ViewController.swift in Sources */,
				ED84093D2B0D20FD00AD0491 /* AppDelegate.swift in Sources */,
				EDAA3D6A2B0DD6620071BE7C /* AddNoteViewController.swift in Sources */,
				ED84093F2B0D20FD00AD0491 /* SceneDelegate.swift in Sources */,
			);
			runOnlyForDeploymentPostprocessing = 0;
		};
/* End PBXSourcesBuildPhase section */

/* Begin PBXVariantGroup section */
		ED8409472B0D20FF00AD0491 /* LaunchScreen.storyboard */ = {
			isa = PBXVariantGroup;
			children = (
				ED8409482B0D20FF00AD0491 /* Base */,
			);
			name = LaunchScreen.storyboard;
			sourceTree = "<group>";
		};
/* End PBXVariantGroup section */

/* Begin XCBuildConfiguration section */
		ED84094B2B0D20FF00AD0491 /* Debug */ = {
			isa = XCBuildConfiguration;
			buildSettings = {
				ALWAYS_SEARCH_USER_PATHS = NO;
				CLANG_ANALYZER_NONNULL = YES;
				CLANG_ANALYZER_NUMBER_OBJECT_CONVERSION = YES_AGGRESSIVE;
				CLANG_CXX_LANGUAGE_STANDARD = "gnu++20";
				CLANG_ENABLE_MODULES = YES;
				CLANG_ENABLE_OBJC_ARC = YES;
				CLANG_ENABLE_OBJC_WEAK = YES;
				CLANG_WARN_BLOCK_CAPTURE_AUTORELEASING = YES;
				CLANG_WARN_BOOL_CONVERSION = YES;
				CLANG_WARN_COMMA = YES;
				CLANG_WARN_CONSTANT_CONVERSION = YES;
				CLANG_WARN_DEPRECATED_OBJC_IMPLEMENTATIONS = YES;
				CLANG_WARN_DIRECT_OBJC_ISA_USAGE = YES_ERROR;
				CLANG_WARN_DOCUMENTATION_COMMENTS = YES;
				CLANG_WARN_EMPTY_BODY = YES;
				CLANG_WARN_ENUM_CONVERSION = YES;
				CLANG_WARN_INFINITE_RECURSION = YES;
				CLANG_WARN_INT_CONVERSION = YES;
				CLANG_WARN_NON_LITERAL_NULL_CONVERSION = YES;
				CLANG_WARN_OBJC_IMPLICIT_RETAIN_SELF = YES;
				CLANG_WARN_OBJC_LITERAL_CONVERSION = YES;
				CLANG_WARN_OBJC_ROOT_CLASS = YES_ERROR;
				CLANG_WARN_QUOTED_INCLUDE_IN_FRAMEWORK_HEADER = YES;
				CLANG_WARN_RANGE_LOOP_ANALYSIS = YES;
				CLANG_WARN_STRICT_PROTOTYPES = YES;
				CLANG_WARN_SUSPICIOUS_MOVE = YES;
				CLANG_WARN_UNGUARDED_AVAILABILITY = YES_AGGRESSIVE;
				CLANG_WARN_UNREACHABLE_CODE = YES;
				CLANG_WARN__DUPLICATE_METHOD_MATCH = YES;
				COPY_PHASE_STRIP = NO;
				DEBUG_INFORMATION_FORMAT = dwarf;
				ENABLE_STRICT_OBJC_MSGSEND = YES;
				ENABLE_TESTABILITY = YES;
				GCC_C_LANGUAGE_STANDARD = gnu11;
				GCC_DYNAMIC_NO_PIC = NO;
				GCC_NO_COMMON_BLOCKS = YES;
				GCC_OPTIMIZATION_LEVEL = 0;
				GCC_PREPROCESSOR_DEFINITIONS = (
					"DEBUG=1",
					"$(inherited)",
				);
				GCC_WARN_64_TO_32_BIT_CONVERSION = YES;
				GCC_WARN_ABOUT_RETURN_TYPE = YES_ERROR;
				GCC_WARN_UNDECLARED_SELECTOR = YES;
				GCC_WARN_UNINITIALIZED_AUTOS = YES_AGGRESSIVE;
				GCC_WARN_UNUSED_FUNCTION = YES;
				GCC_WARN_UNUSED_VARIABLE = YES;
				IPHONEOS_DEPLOYMENT_TARGET = 16.2;
				MTL_ENABLE_DEBUG_INFO = INCLUDE_SOURCE;
				MTL_FAST_MATH = YES;
				ONLY_ACTIVE_ARCH = YES;
				SDKROOT = iphoneos;
				SWIFT_ACTIVE_COMPILATION_CONDITIONS = DEBUG;
				SWIFT_OPTIMIZATION_LEVEL = "-Onone";
			};
			name = Debug;
		};
		ED84094C2B0D20FF00AD0491 /* Release */ = {
			isa = XCBuildConfiguration;
			buildSettings = {
				ALWAYS_SEARCH_USER_PATHS = NO;
				CLANG_ANALYZER_NONNULL = YES;
				CLANG_ANALYZER_NUMBER_OBJECT_CONVERSION = YES_AGGRESSIVE;
				CLANG_CXX_LANGUAGE_STANDARD = "gnu++20";
				CLANG_ENABLE_MODULES = YES;
				CLANG_ENABLE_OBJC_ARC = YES;
				CLANG_ENABLE_OBJC_WEAK = YES;
				CLANG_WARN_BLOCK_CAPTURE_AUTORELEASING = YES;
				CLANG_WARN_BOOL_CONVERSION = YES;
				CLANG_WARN_COMMA = YES;
				CLANG_WARN_CONSTANT_CONVERSION = YES;
				CLANG_WARN_DEPRECATED_OBJC_IMPLEMENTATIONS = YES;
				CLANG_WARN_DIRECT_OBJC_ISA_USAGE = YES_ERROR;
				CLANG_WARN_DOCUMENTATION_COMMENTS = YES;
				CLANG_WARN_EMPTY_BODY = YES;
				CLANG_WARN_ENUM_CONVERSION = YES;
				CLANG_WARN_INFINITE_RECURSION = YES;
				CLANG_WARN_INT_CONVERSION = YES;
				CLANG_WARN_NON_LITERAL_NULL_CONVERSION = YES;
				CLANG_WARN_OBJC_IMPLICIT_RETAIN_SELF = YES;
				CLANG_WARN_OBJC_LITERAL_CONVERSION = YES;
				CLANG_WARN_OBJC_ROOT_CLASS = YES_ERROR;
				CLANG_WARN_QUOTED_INCLUDE_IN_FRAMEWORK_HEADER = YES;
				CLANG_WARN_RANGE_LOOP_ANALYSIS = YES;
				CLANG_WARN_STRICT_PROTOTYPES = YES;
				CLANG_WARN_SUSPICIOUS_MOVE = YES;
				CLANG_WARN_UNGUARDED_AVAILABILITY = YES_AGGRESSIVE;
				CLANG_WARN_UNREACHABLE_CODE = YES;
				CLANG_WARN__DUPLICATE_METHOD_MATCH = YES;
				COPY_PHASE_STRIP = NO;
				DEBUG_INFORMATION_FORMAT = "dwarf-with-dsym";
				ENABLE_NS_ASSERTIONS = NO;
				ENABLE_STRICT_OBJC_MSGSEND = YES;
				GCC_C_LANGUAGE_STANDARD = gnu11;
				GCC_NO_COMMON_BLOCKS = YES;
				GCC_WARN_64_TO_32_BIT_CONVERSION = YES;
				GCC_WARN_ABOUT_RETURN_TYPE = YES_ERROR;
				GCC_WARN_UNDECLARED_SELECTOR = YES;
				GCC_WARN_UNINITIALIZED_AUTOS = YES_AGGRESSIVE;
				GCC_WARN_UNUSED_FUNCTION = YES;
				GCC_WARN_UNUSED_VARIABLE = YES;
				IPHONEOS_DEPLOYMENT_TARGET = 16.2;
				MTL_ENABLE_DEBUG_INFO = NO;
				MTL_FAST_MATH = YES;
				SDKROOT = iphoneos;
				SWIFT_COMPILATION_MODE = wholemodule;
				SWIFT_OPTIMIZATION_LEVEL = "-O";
				VALIDATE_PRODUCT = YES;
			};
			name = Release;
		};
		ED84094E2B0D20FF00AD0491 /* Debug */ = {
			isa = XCBuildConfiguration;
			buildSettings = {
				ASSETCATALOG_COMPILER_APPICON_NAME = AppIcon;
				ASSETCATALOG_COMPILER_GLOBAL_ACCENT_COLOR_NAME = AccentColor;
				CODE_SIGN_STYLE = Automatic;
				CURRENT_PROJECT_VERSION = 1;
				DEVELOPMENT_TEAM = TJ68V379P3;
				GENERATE_INFOPLIST_FILE = YES;
				INFOPLIST_FILE = lesson02/Info.plist;
				INFOPLIST_KEY_UIApplicationSupportsIndirectInputEvents = YES;
				INFOPLIST_KEY_UILaunchStoryboardName = LaunchScreen;
				INFOPLIST_KEY_UISupportedInterfaceOrientations_iPad = "UIInterfaceOrientationPortrait UIInterfaceOrientationPortraitUpsideDown UIInterfaceOrientationLandscapeLeft UIInterfaceOrientationLandscapeRight";
				INFOPLIST_KEY_UISupportedInterfaceOrientations_iPhone = "UIInterfaceOrientationPortrait UIInterfaceOrientationLandscapeLeft UIInterfaceOrientationLandscapeRight";
				IPHONEOS_DEPLOYMENT_TARGET = 15.0;
				LD_RUNPATH_SEARCH_PATHS = (
					"$(inherited)",
					"@executable_path/Frameworks",
				);
				MARKETING_VERSION = 1.0;
				PRODUCT_BUNDLE_IDENTIFIER = com.swiftLessons.lesson02;
				PRODUCT_NAME = "$(TARGET_NAME)";
				SWIFT_EMIT_LOC_STRINGS = YES;
				SWIFT_VERSION = 5.0;
				TARGETED_DEVICE_FAMILY = "1,2";
			};
			name = Debug;
		};
		ED84094F2B0D20FF00AD0491 /* Release */ = {
			isa = XCBuildConfiguration;
			buildSettings = {
				ASSETCATALOG_COMPILER_APPICON_NAME = AppIcon;
				ASSETCATALOG_COMPILER_GLOBAL_ACCENT_COLOR_NAME = AccentColor;
				CODE_SIGN_STYLE = Automatic;
				CURRENT_PROJECT_VERSION = 1;
				DEVELOPMENT_TEAM = TJ68V379P3;
				GENERATE_INFOPLIST_FILE = YES;
				INFOPLIST_FILE = lesson02/Info.plist;
				INFOPLIST_KEY_UIApplicationSupportsIndirectInputEvents = YES;
				INFOPLIST_KEY_UILaunchStoryboardName = LaunchScreen;
				INFOPLIST_KEY_UISupportedInterfaceOrientations_iPad = "UIInterfaceOrientationPortrait UIInterfaceOrientationPortraitUpsideDown UIInterfaceOrientationLandscapeLeft UIInterfaceOrientationLandscapeRight";
				INFOPLIST_KEY_UISupportedInterfaceOrientations_iPhone = "UIInterfaceOrientationPortrait UIInterfaceOrientationLandscapeLeft UIInterfaceOrientationLandscapeRight";
				IPHONEOS_DEPLOYMENT_TARGET = 15.0;
				LD_RUNPATH_SEARCH_PATHS = (
					"$(inherited)",
					"@executable_path/Frameworks",
				);
				MARKETING_VERSION = 1.0;
				PRODUCT_BUNDLE_IDENTIFIER = com.swiftLessons.lesson02;
				PRODUCT_NAME = "$(TARGET_NAME)";
				SWIFT_EMIT_LOC_STRINGS = YES;
				SWIFT_VERSION = 5.0;
				TARGETED_DEVICE_FAMILY = "1,2";
			};
			name = Release;
		};
/* End XCBuildConfiguration section */

/* Begin XCConfigurationList section */
		ED8409342B0D20FD00AD0491 /* Build configuration list for PBXProject "lesson02" */ = {
			isa = XCConfigurationList;
			buildConfigurations = (
				ED84094B2B0D20FF00AD0491 /* Debug */,
				ED84094C2B0D20FF00AD0491 /* Release */,
			);
			defaultConfigurationIsVisible = 0;
			defaultConfigurationName = Release;
		};
		ED84094D2B0D20FF00AD0491 /* Build configuration list for PBXNativeTarget "lesson02" */ = {
			isa = XCConfigurationList;
			buildConfigurations = (
				ED84094E2B0D20FF00AD0491 /* Debug */,
				ED84094F2B0D20FF00AD0491 /* Release */,
			);
			defaultConfigurationIsVisible = 0;
			defaultConfigurationName = Release;
		};
/* End XCConfigurationList section */
	};
	rootObject = ED8409312B0D20FD00AD0491 /* Project object */;
}
