// !$*UTF8*$!
{
	archiveVersion = 1;
	classes = {
	};
	objectVersion = 56;
	objects = {

/* Begin PBXBuildFile section */
		EDC924662A86163B00A0C253 /* TableCell.swift in Sources */ = {isa = PBXBuildFile; fileRef = EDC924652A86163B00A0C253 /* TableCell.swift */; };
		EDCD7C412A81101200951D8E /* AppDelegate.swift in Sources */ = {isa = PBXBuildFile; fileRef = EDCD7C402A81101200951D8E /* AppDelegate.swift */; };
		EDCD7C432A81101200951D8E /* SceneDelegate.swift in Sources */ = {isa = PBXBuildFile; fileRef = EDCD7C422A81101200951D8E /* SceneDelegate.swift */; };
		EDCD7C452A81101200951D8E /* ViewController.swift in Sources */ = {isa = PBXBuildFile; fileRef = EDCD7C442A81101200951D8E /* ViewController.swift */; };
		EDCD7C4A2A81101600951D8E /* Assets.xcassets in Resources */ = {isa = PBXBuildFile; fileRef = EDCD7C492A81101600951D8E /* Assets.xcassets */; };
		EDCD7C4D2A81101600951D8E /* LaunchScreen.storyboard in Resources */ = {isa = PBXBuildFile; fileRef = EDCD7C4B2A81101600951D8E /* LaunchScreen.storyboard */; };
		EDCD7C562A81107F00951D8E /* APIManager.swift in Sources */ = {isa = PBXBuildFile; fileRef = EDCD7C552A81107F00951D8E /* APIManager.swift */; };
		EDCD7C5A2A82158A00951D8E /* News.swift in Sources */ = {isa = PBXBuildFile; fileRef = EDCD7C592A82158A00951D8E /* News.swift */; };
/* End PBXBuildFile section */

/* Begin PBXFileReference section */
		EDC924652A86163B00A0C253 /* TableCell.swift */ = {isa = PBXFileReference; lastKnownFileType = sourcecode.swift; path = TableCell.swift; sourceTree = "<group>"; };
		EDCD7C3D2A81101200951D8E /* lesson02.app */ = {isa = PBXFileReference; explicitFileType = wrapper.application; includeInIndex = 0; path = lesson02.app; sourceTree = BUILT_PRODUCTS_DIR; };
		EDCD7C402A81101200951D8E /* AppDelegate.swift */ = {isa = PBXFileReference; lastKnownFileType = sourcecode.swift; path = AppDelegate.swift; sourceTree = "<group>"; };
		EDCD7C422A81101200951D8E /* SceneDelegate.swift */ = {isa = PBXFileReference; lastKnownFileType = sourcecode.swift; path = SceneDelegate.swift; sourceTree = "<group>"; };
		EDCD7C442A81101200951D8E /* ViewController.swift */ = {isa = PBXFileReference; lastKnownFileType = sourcecode.swift; path = ViewController.swift; sourceTree = "<group>"; };
		EDCD7C492A81101600951D8E /* Assets.xcassets */ = {isa = PBXFileReference; lastKnownFileType = folder.assetcatalog; path = Assets.xcassets; sourceTree = "<group>"; };
		EDCD7C4C2A81101600951D8E /* Base */ = {isa = PBXFileReference; lastKnownFileType = file.storyboard; name = Base; path = Base.lproj/LaunchScreen.storyboard; sourceTree = "<group>"; };
		EDCD7C4E2A81101600951D8E /* Info.plist */ = {isa = PBXFileReference; lastKnownFileType = text.plist.xml; path = Info.plist; sourceTree = "<group>"; };
		EDCD7C552A81107F00951D8E /* APIManager.swift */ = {isa = PBXFileReference; lastKnownFileType = sourcecode.swift; path = APIManager.swift; sourceTree = "<group>"; };
		EDCD7C592A82158A00951D8E /* News.swift */ = {isa = PBXFileReference; lastKnownFileType = sourcecode.swift; path = News.swift; sourceTree = "<group>"; };
/* End PBXFileReference section */

/* Begin PBXFrameworksBuildPhase section */
		EDCD7C3A2A81101200951D8E /* Frameworks */ = {
			isa = PBXFrameworksBuildPhase;
			buildActionMask = 2147483647;
			files = (
			);
			runOnlyForDeploymentPostprocessing = 0;
		};
/* End PBXFrameworksBuildPhase section */

/* Begin PBXGroup section */
		EDC924672A8621C500A0C253 /* Application */ = {
			isa = PBXGroup;
			children = (
				EDCD7C402A81101200951D8E /* AppDelegate.swift */,
				EDCD7C422A81101200951D8E /* SceneDelegate.swift */,
			);
			path = Application;
			sourceTree = "<group>";
		};
		EDC924682A8621F400A0C253 /* Resources */ = {
			isa = PBXGroup;
			children = (
				EDCD7C492A81101600951D8E /* Assets.xcassets */,
				EDCD7C4B2A81101600951D8E /* LaunchScreen.storyboard */,
				EDCD7C4E2A81101600951D8E /* Info.plist */,
			);
			path = Resources;
			sourceTree = "<group>";
		};
		EDC924692A8622A000A0C253 /* Core */ = {
			isa = PBXGroup;
			children = (
				EDC924652A86163B00A0C253 /* TableCell.swift */,
			);
			path = Core;
			sourceTree = "<group>";
		};
		EDC9246A2A86230300A0C253 /* Controller */ = {
			isa = PBXGroup;
			children = (
				EDCD7C442A81101200951D8E /* ViewController.swift */,
			);
			path = Controller;
			sourceTree = "<group>";
		};
		EDCD7C342A81101200951D8E = {
			isa = PBXGroup;
			children = (
				EDCD7C3F2A81101200951D8E /* lesson02 */,
				EDCD7C3E2A81101200951D8E /* Products */,
			);
			sourceTree = "<group>";
		};
		EDCD7C3E2A81101200951D8E /* Products */ = {
			isa = PBXGroup;
			children = (
				EDCD7C3D2A81101200951D8E /* lesson02.app */,
			);
			name = Products;
			sourceTree = "<group>";
		};
		EDCD7C3F2A81101200951D8E /* lesson02 */ = {
			isa = PBXGroup;
			children = (
				EDCD7C542A81103B00951D8E /* API */,
				EDC924672A8621C500A0C253 /* Application */,
				EDC9246A2A86230300A0C253 /* Controller */,
				EDC924692A8622A000A0C253 /* Core */,
				EDC924682A8621F400A0C253 /* Resources */,
			);
			path = lesson02;
			sourceTree = "<group>";
		};
		EDCD7C542A81103B00951D8E /* API */ = {
			isa = PBXGroup;
			children = (
				EDCD7C582A8110C900951D8E /* Models */,
				EDCD7C572A81109700951D8E /* Services */,
			);
			path = API;
			sourceTree = "<group>";
		};
		EDCD7C572A81109700951D8E /* Services */ = {
			isa = PBXGroup;
			children = (
				EDCD7C552A81107F00951D8E /* APIManager.swift */,
			);
			path = Services;
			sourceTree = "<group>";
		};
		EDCD7C582A8110C900951D8E /* Models */ = {
			isa = PBXGroup;
			children = (
				EDCD7C592A82158A00951D8E /* News.swift */,
			);
			path = Models;
			sourceTree = "<group>";
		};
/* End PBXGroup section */

/* Begin PBXNativeTarget section */
		EDCD7C3C2A81101200951D8E /* lesson02 */ = {
			isa = PBXNativeTarget;
			buildConfigurationList = EDCD7C512A81101600951D8E /* Build configuration list for PBXNativeTarget "lesson02" */;
			buildPhases = (
				EDCD7C392A81101200951D8E /* Sources */,
				EDCD7C3A2A81101200951D8E /* Frameworks */,
				EDCD7C3B2A81101200951D8E /* Resources */,
			);
			buildRules = (
			);
			dependencies = (
			);
			name = lesson02;
			productName = lesson02;
			productReference = EDCD7C3D2A81101200951D8E /* lesson02.app */;
			productType = "com.apple.product-type.application";
		};
/* End PBXNativeTarget section */

/* Begin PBXProject section */
		EDCD7C352A81101200951D8E /* Project object */ = {
			isa = PBXProject;
			attributes = {
				BuildIndependentTargetsInParallel = 1;
				LastSwiftUpdateCheck = 1430;
				LastUpgradeCheck = 1430;
				TargetAttributes = {
					EDCD7C3C2A81101200951D8E = {
						CreatedOnToolsVersion = 14.3;
					};
				};
			};
			buildConfigurationList = EDCD7C382A81101200951D8E /* Build configuration list for PBXProject "lesson02" */;
			compatibilityVersion = "Xcode 14.0";
			developmentRegion = en;
			hasScannedForEncodings = 0;
			knownRegions = (
				en,
				Base,
			);
			mainGroup = EDCD7C342A81101200951D8E;
			productRefGroup = EDCD7C3E2A81101200951D8E /* Products */;
			projectDirPath = "";
			projectRoot = "";
			targets = (
				EDCD7C3C2A81101200951D8E /* lesson02 */,
			);
		};
/* End PBXProject section */

/* Begin PBXResourcesBuildPhase section */
		EDCD7C3B2A81101200951D8E /* Resources */ = {
			isa = PBXResourcesBuildPhase;
			buildActionMask = 2147483647;
			files = (
				EDCD7C4D2A81101600951D8E /* LaunchScreen.storyboard in Resources */,
				EDCD7C4A2A81101600951D8E /* Assets.xcassets in Resources */,
			);
			runOnlyForDeploymentPostprocessing = 0;
		};
/* End PBXResourcesBuildPhase section */

/* Begin PBXSourcesBuildPhase section */
		EDCD7C392A81101200951D8E /* Sources */ = {
			isa = PBXSourcesBuildPhase;
			buildActionMask = 2147483647;
			files = (
				EDC924662A86163B00A0C253 /* TableCell.swift in Sources */,
				EDCD7C562A81107F00951D8E /* APIManager.swift in Sources */,
				EDCD7C452A81101200951D8E /* ViewController.swift in Sources */,
				EDCD7C412A81101200951D8E /* AppDelegate.swift in Sources */,
				EDCD7C5A2A82158A00951D8E /* News.swift in Sources */,
				EDCD7C432A81101200951D8E /* SceneDelegate.swift in Sources */,
			);
			runOnlyForDeploymentPostprocessing = 0;
		};
/* End PBXSourcesBuildPhase section */

/* Begin PBXVariantGroup section */
		EDCD7C4B2A81101600951D8E /* LaunchScreen.storyboard */ = {
			isa = PBXVariantGroup;
			children = (
				EDCD7C4C2A81101600951D8E /* Base */,
			);
			name = LaunchScreen.storyboard;
			sourceTree = "<group>";
		};
/* End PBXVariantGroup section */

/* Begin XCBuildConfiguration section */
		EDCD7C4F2A81101600951D8E /* Debug */ = {
			isa = XCBuildConfiguration;
			buildSettings = {
				ALWAYS_SEARCH_USER_PATHS = NO;
				CLANG_ANALYZER_NONNULL = YES;
				CLANG_ANALYZER_NUMBER_OBJECT_CONVERSION = YES_AGGRESSIVE;
				CLANG_CXX_LANGUAGE_STANDARD = "gnu++20";
				CLANG_ENABLE_MODULES = YES;
				CLANG_ENABLE_OBJC_ARC = YES;
				CLANG_ENABLE_OBJC_WEAK = YES;
				CLANG_WARN_BLOCK_CAPTURE_AUTORELEASING = YES;
				CLANG_WARN_BOOL_CONVERSION = YES;
				CLANG_WARN_COMMA = YES;
				CLANG_WARN_CONSTANT_CONVERSION = YES;
				CLANG_WARN_DEPRECATED_OBJC_IMPLEMENTATIONS = YES;
				CLANG_WARN_DIRECT_OBJC_ISA_USAGE = YES_ERROR;
				CLANG_WARN_DOCUMENTATION_COMMENTS = YES;
				CLANG_WARN_EMPTY_BODY = YES;
				CLANG_WARN_ENUM_CONVERSION = YES;
				CLANG_WARN_INFINITE_RECURSION = YES;
				CLANG_WARN_INT_CONVERSION = YES;
				CLANG_WARN_NON_LITERAL_NULL_CONVERSION = YES;
				CLANG_WARN_OBJC_IMPLICIT_RETAIN_SELF = YES;
				CLANG_WARN_OBJC_LITERAL_CONVERSION = YES;
				CLANG_WARN_OBJC_ROOT_CLASS = YES_ERROR;
				CLANG_WARN_QUOTED_INCLUDE_IN_FRAMEWORK_HEADER = YES;
				CLANG_WARN_RANGE_LOOP_ANALYSIS = YES;
				CLANG_WARN_STRICT_PROTOTYPES = YES;
				CLANG_WARN_SUSPICIOUS_MOVE = YES;
				CLANG_WARN_UNGUARDED_AVAILABILITY = YES_AGGRESSIVE;
				CLANG_WARN_UNREACHABLE_CODE = YES;
				CLANG_WARN__DUPLICATE_METHOD_MATCH = YES;
				COPY_PHASE_STRIP = NO;
				DEBUG_INFORMATION_FORMAT = dwarf;
				ENABLE_STRICT_OBJC_MSGSEND = YES;
				ENABLE_TESTABILITY = YES;
				GCC_C_LANGUAGE_STANDARD = gnu11;
				GCC_DYNAMIC_NO_PIC = NO;
				GCC_NO_COMMON_BLOCKS = YES;
				GCC_OPTIMIZATION_LEVEL = 0;
				GCC_PREPROCESSOR_DEFINITIONS = (
					"DEBUG=1",
					"$(inherited)",
				);
				GCC_WARN_64_TO_32_BIT_CONVERSION = YES;
				GCC_WARN_ABOUT_RETURN_TYPE = YES_ERROR;
				GCC_WARN_UNDECLARED_SELECTOR = YES;
				GCC_WARN_UNINITIALIZED_AUTOS = YES_AGGRESSIVE;
				GCC_WARN_UNUSED_FUNCTION = YES;
				GCC_WARN_UNUSED_VARIABLE = YES;
				IPHONEOS_DEPLOYMENT_TARGET = 16.4;
				MTL_ENABLE_DEBUG_INFO = INCLUDE_SOURCE;
				MTL_FAST_MATH = YES;
				ONLY_ACTIVE_ARCH = YES;
				SDKROOT = iphoneos;
				SWIFT_ACTIVE_COMPILATION_CONDITIONS = DEBUG;
				SWIFT_OPTIMIZATION_LEVEL = "-Onone";
			};
			name = Debug;
		};
		EDCD7C502A81101600951D8E /* Release */ = {
			isa = XCBuildConfiguration;
			buildSettings = {
				ALWAYS_SEARCH_USER_PATHS = NO;
				CLANG_ANALYZER_NONNULL = YES;
				CLANG_ANALYZER_NUMBER_OBJECT_CONVERSION = YES_AGGRESSIVE;
				CLANG_CXX_LANGUAGE_STANDARD = "gnu++20";
				CLANG_ENABLE_MODULES = YES;
				CLANG_ENABLE_OBJC_ARC = YES;
				CLANG_ENABLE_OBJC_WEAK = YES;
				CLANG_WARN_BLOCK_CAPTURE_AUTORELEASING = YES;
				CLANG_WARN_BOOL_CONVERSION = YES;
				CLANG_WARN_COMMA = YES;
				CLANG_WARN_CONSTANT_CONVERSION = YES;
				CLANG_WARN_DEPRECATED_OBJC_IMPLEMENTATIONS = YES;
				CLANG_WARN_DIRECT_OBJC_ISA_USAGE = YES_ERROR;
				CLANG_WARN_DOCUMENTATION_COMMENTS = YES;
				CLANG_WARN_EMPTY_BODY = YES;
				CLANG_WARN_ENUM_CONVERSION = YES;
				CLANG_WARN_INFINITE_RECURSION = YES;
				CLANG_WARN_INT_CONVERSION = YES;
				CLANG_WARN_NON_LITERAL_NULL_CONVERSION = YES;
				CLANG_WARN_OBJC_IMPLICIT_RETAIN_SELF = YES;
				CLANG_WARN_OBJC_LITERAL_CONVERSION = YES;
				CLANG_WARN_OBJC_ROOT_CLASS = YES_ERROR;
				CLANG_WARN_QUOTED_INCLUDE_IN_FRAMEWORK_HEADER = YES;
				CLANG_WARN_RANGE_LOOP_ANALYSIS = YES;
				CLANG_WARN_STRICT_PROTOTYPES = YES;
				CLANG_WARN_SUSPICIOUS_MOVE = YES;
				CLANG_WARN_UNGUARDED_AVAILABILITY = YES_AGGRESSIVE;
				CLANG_WARN_UNREACHABLE_CODE = YES;
				CLANG_WARN__DUPLICATE_METHOD_MATCH = YES;
				COPY_PHASE_STRIP = NO;
				DEBUG_INFORMATION_FORMAT = "dwarf-with-dsym";
				ENABLE_NS_ASSERTIONS = NO;
				ENABLE_STRICT_OBJC_MSGSEND = YES;
				GCC_C_LANGUAGE_STANDARD = gnu11;
				GCC_NO_COMMON_BLOCKS = YES;
				GCC_WARN_64_TO_32_BIT_CONVERSION = YES;
				GCC_WARN_ABOUT_RETURN_TYPE = YES_ERROR;
				GCC_WARN_UNDECLARED_SELECTOR = YES;
				GCC_WARN_UNINITIALIZED_AUTOS = YES_AGGRESSIVE;
				GCC_WARN_UNUSED_FUNCTION = YES;
				GCC_WARN_UNUSED_VARIABLE = YES;
				IPHONEOS_DEPLOYMENT_TARGET = 16.4;
				MTL_ENABLE_DEBUG_INFO = NO;
				MTL_FAST_MATH = YES;
				SDKROOT = iphoneos;
				SWIFT_COMPILATION_MODE = wholemodule;
				SWIFT_OPTIMIZATION_LEVEL = "-O";
				VALIDATE_PRODUCT = YES;
			};
			name = Release;
		};
		EDCD7C522A81101600951D8E /* Debug */ = {
			isa = XCBuildConfiguration;
			buildSettings = {
				ASSETCATALOG_COMPILER_APPICON_NAME = AppIcon;
				ASSETCATALOG_COMPILER_GLOBAL_ACCENT_COLOR_NAME = AccentColor;
				CODE_SIGN_STYLE = Automatic;
				CURRENT_PROJECT_VERSION = 1;
				GENERATE_INFOPLIST_FILE = YES;
				INFOPLIST_FILE = lesson02/Info.plist;
				INFOPLIST_KEY_UIApplicationSupportsIndirectInputEvents = YES;
				INFOPLIST_KEY_UILaunchStoryboardName = LaunchScreen;
				INFOPLIST_KEY_UISupportedInterfaceOrientations_iPad = "UIInterfaceOrientationPortrait UIInterfaceOrientationPortraitUpsideDown UIInterfaceOrientationLandscapeLeft UIInterfaceOrientationLandscapeRight";
				INFOPLIST_KEY_UISupportedInterfaceOrientations_iPhone = "UIInterfaceOrientationPortrait UIInterfaceOrientationLandscapeLeft UIInterfaceOrientationLandscapeRight";
				IPHONEOS_DEPLOYMENT_TARGET = 15.0;
				LD_RUNPATH_SEARCH_PATHS = (
					"$(inherited)",
					"@executable_path/Frameworks",
				);
				MARKETING_VERSION = 1.0;
				PRODUCT_BUNDLE_IDENTIFIER = com.swiftLessons.lesson02;
				PRODUCT_NAME = "$(TARGET_NAME)";
				SUPPORTED_PLATFORMS = "iphoneos iphonesimulator";
				SUPPORTS_MACCATALYST = NO;
				SUPPORTS_MAC_DESIGNED_FOR_IPHONE_IPAD = NO;
				SWIFT_EMIT_LOC_STRINGS = YES;
				SWIFT_VERSION = 5.0;
				TARGETED_DEVICE_FAMILY = 1;
			};
			name = Debug;
		};
		EDCD7C532A81101600951D8E /* Release */ = {
			isa = XCBuildConfiguration;
			buildSettings = {
				ASSETCATALOG_COMPILER_APPICON_NAME = AppIcon;
				ASSETCATALOG_COMPILER_GLOBAL_ACCENT_COLOR_NAME = AccentColor;
				CODE_SIGN_STYLE = Automatic;
				CURRENT_PROJECT_VERSION = 1;
				GENERATE_INFOPLIST_FILE = YES;
				INFOPLIST_FILE = lesson02/Info.plist;
				INFOPLIST_KEY_UIApplicationSupportsIndirectInputEvents = YES;
				INFOPLIST_KEY_UILaunchStoryboardName = LaunchScreen;
				INFOPLIST_KEY_UISupportedInterfaceOrientations_iPad = "UIInterfaceOrientationPortrait UIInterfaceOrientationPortraitUpsideDown UIInterfaceOrientationLandscapeLeft UIInterfaceOrientationLandscapeRight";
				INFOPLIST_KEY_UISupportedInterfaceOrientations_iPhone = "UIInterfaceOrientationPortrait UIInterfaceOrientationLandscapeLeft UIInterfaceOrientationLandscapeRight";
				IPHONEOS_DEPLOYMENT_TARGET = 15.0;
				LD_RUNPATH_SEARCH_PATHS = (
					"$(inherited)",
					"@executable_path/Frameworks",
				);
				MARKETING_VERSION = 1.0;
				PRODUCT_BUNDLE_IDENTIFIER = com.swiftLessons.lesson02;
				PRODUCT_NAME = "$(TARGET_NAME)";
				SUPPORTED_PLATFORMS = "iphoneos iphonesimulator";
				SUPPORTS_MACCATALYST = NO;
				SUPPORTS_MAC_DESIGNED_FOR_IPHONE_IPAD = NO;
				SWIFT_EMIT_LOC_STRINGS = YES;
				SWIFT_VERSION = 5.0;
				TARGETED_DEVICE_FAMILY = 1;
			};
			name = Release;
		};
/* End XCBuildConfiguration section */

/* Begin XCConfigurationList section */
		EDCD7C382A81101200951D8E /* Build configuration list for PBXProject "lesson02" */ = {
			isa = XCConfigurationList;
			buildConfigurations = (
				EDCD7C4F2A81101600951D8E /* Debug */,
				EDCD7C502A81101600951D8E /* Release */,
			);
			defaultConfigurationIsVisible = 0;
			defaultConfigurationName = Release;
		};
		EDCD7C512A81101600951D8E /* Build configuration list for PBXNativeTarget "lesson02" */ = {
			isa = XCConfigurationList;
			buildConfigurations = (
				EDCD7C522A81101600951D8E /* Debug */,
				EDCD7C532A81101600951D8E /* Release */,
			);
			defaultConfigurationIsVisible = 0;
			defaultConfigurationName = Release;
		};
/* End XCConfigurationList section */
	};
	rootObject = EDCD7C352A81101200951D8E /* Project object */;
}
